
Microsoft Visual Studio Solution File, Format Version 12.00
# Visual Studio Version 16
VisualStudioVersion = 16.0.30011.22
MinimumVisualStudioVersion = 10.0.40219.1
Project("{FAE04EC0-301F-11D3-BF4B-00C04F79EFBC}") = "TradeSystem.TestConsole", "TradeSystem.TestConsole\TradeSystem.TestConsole.csproj", "{F00D2AA7-D4A8-433B-A358-ACCDE03E8B92}"
EndProject
Project("{FAE04EC0-301F-11D3-BF4B-00C04F79EFBC}") = "TradeSystem.Common", "TradeSystem.Common\TradeSystem.Common.csproj", "{BDA8E276-57E3-47C1-8434-E4EC5F9549A5}"
EndProject
Project("{FAE04EC0-301F-11D3-BF4B-00C04F79EFBC}") = "TradeSystem.Core", "TradeSystem.Core\TradeSystem.Core.csproj", "{6FA4C8AD-45B2-4865-B879-8F72E004A09E}"
EndProject
Project("{FAE04EC0-301F-11D3-BF4B-00C04F79EFBC}") = "TradeSystem.Entities", "TradeSystem.Entities\TradeSystem.Entities.csproj", "{F245AC90-8BE8-4DEE-8D6D-F5F533A2BC45}"
EndProject
Global
	GlobalSection(SolutionConfigurationPlatforms) = preSolution
		Debug|Any CPU = Debug|Any CPU
		Release|Any CPU = Release|Any CPU
	EndGlobalSection
	GlobalSection(ProjectConfigurationPlatforms) = postSolution
		{F00D2AA7-D4A8-433B-A358-ACCDE03E8B92}.Debug|Any CPU.ActiveCfg = Debug|Any CPU
		{F00D2AA7-D4A8-433B-A358-ACCDE03E8B92}.Debug|Any CPU.Build.0 = Debug|Any CPU
		{F00D2AA7-D4A8-433B-A358-ACCDE03E8B92}.Release|Any CPU.ActiveCfg = Release|Any CPU
		{F00D2AA7-D4A8-433B-A358-ACCDE03E8B92}.Release|Any CPU.Build.0 = Release|Any CPU
		{BDA8E276-57E3-47C1-8434-E4EC5F9549A5}.Debug|Any CPU.ActiveCfg = Debug|Any CPU
		{BDA8E276-57E3-47C1-8434-E4EC5F9549A5}.Debug|Any CPU.Build.0 = Debug|Any CPU
		{BDA8E276-57E3-47C1-8434-E4EC5F9549A5}.Release|Any CPU.ActiveCfg = Release|Any CPU
		{BDA8E276-57E3-47C1-8434-E4EC5F9549A5}.Release|Any CPU.Build.0 = Release|Any CPU
		{6FA4C8AD-45B2-4865-B879-8F72E004A09E}.Debug|Any CPU.ActiveCfg = Debug|Any CPU
		{6FA4C8AD-45B2-4865-B879-8F72E004A09E}.Debug|Any CPU.Build.0 = Debug|Any CPU
		{6FA4C8AD-45B2-4865-B879-8F72E004A09E}.Release|Any CPU.ActiveCfg = Release|Any CPU
		{6FA4C8AD-45B2-4865-B879-8F72E004A09E}.Release|Any CPU.Build.0 = Release|Any CPU
		{F245AC90-8BE8-4DEE-8D6D-F5F533A2BC45}.Debug|Any CPU.ActiveCfg = Debug|Any CPU
		{F245AC90-8BE8-4DEE-8D6D-F5F533A2BC45}.Debug|Any CPU.Build.0 = Debug|Any CPU
		{F245AC90-8BE8-4DEE-8D6D-F5F533A2BC45}.Release|Any CPU.ActiveCfg = Release|Any CPU
		{F245AC90-8BE8-4DEE-8D6D-F5F533A2BC45}.Release|Any CPU.Build.0 = Release|Any CPU
	EndGlobalSection
	GlobalSection(SolutionProperties) = preSolution
		HideSolutionNode = FALSE
	EndGlobalSection
	GlobalSection(ExtensibilityGlobals) = postSolution
		SolutionGuid = {77A2691B-9BE6-46C1-A141-3FA6E54575DB}
	EndGlobalSection
EndGlobal
